
Microsoft Visual Studio Solution File, Format Version 12.00
# Visual Studio Version 16
VisualStudioVersion = 16.0.30114.105
MinimumVisualStudioVersion = 10.0.40219.1
Project("{2150E333-8FDC-42A3-9474-1A3956D46DE8}") = "01.WebAPI", "01.WebAPI", "{E0480E9A-6896-42C4-BD0A-BAEF8FBB3F83}"
EndProject
Project("{2150E333-8FDC-42A3-9474-1A3956D46DE8}") = "02.Manager", "02.Manager", "{ECA7C0DC-13FD-455C-BDD2-9F949C78A445}"
EndProject
Project("{2150E333-8FDC-42A3-9474-1A3956D46DE8}") = "03.Data", "03.Data", "{84572257-9DFF-4C9F-AD0D-18ADA31E848C}"
EndProject
Project("{2150E333-8FDC-42A3-9474-1A3956D46DE8}") = "04.Core", "04.Core", "{230FC969-AB29-4759-8C6D-7A125679A51D}"
EndProject
Project("{2150E333-8FDC-42A3-9474-1A3956D46DE8}") = "05.Tests", "05.Tests", "{64E76FA8-CA30-4F0D-AF37-33B27F07FFD9}"
EndProject
Project("{9A19103F-16F7-4668-BE54-9A1E7A4F7556}") = "Tests", "..\Tests\Tests.csproj", "{9C64012C-AC99-4B1F-A438-F91ECF3E84DF}"
EndProject
Project("{9A19103F-16F7-4668-BE54-9A1E7A4F7556}") = "ProjetoDistribuidora", "ProjetoDistribuidora\ProjetoDistribuidora.csproj", "{23299DCF-CBE3-4D89-BDC4-DC42E1961F72}"
EndProject
Project("{9A19103F-16F7-4668-BE54-9A1E7A4F7556}") = "Manager", "Manager\Manager.csproj", "{C54329F8-C90D-408A-BDB0-A608F21189C6}"
EndProject
Project("{9A19103F-16F7-4668-BE54-9A1E7A4F7556}") = "Data", "Data\Data.csproj", "{3D3F2564-D229-4369-8DE9-65B2F0208F56}"
EndProject
Project("{9A19103F-16F7-4668-BE54-9A1E7A4F7556}") = "Core", "Core\Core.csproj", "{AB531C87-44D0-4BA5-BBC8-927398A2FA2F}"
EndProject
Project("{9A19103F-16F7-4668-BE54-9A1E7A4F7556}") = "Core.Shared", "Core.Shared\Core.Shared.csproj", "{C1F1E6AF-F849-41B0-B199-4BEC77D207A7}"
EndProject
Global
	GlobalSection(SolutionConfigurationPlatforms) = preSolution
		Debug|Any CPU = Debug|Any CPU
		Release|Any CPU = Release|Any CPU
	EndGlobalSection
	GlobalSection(ProjectConfigurationPlatforms) = postSolution
		{9C64012C-AC99-4B1F-A438-F91ECF3E84DF}.Debug|Any CPU.ActiveCfg = Debug|Any CPU
		{9C64012C-AC99-4B1F-A438-F91ECF3E84DF}.Debug|Any CPU.Build.0 = Debug|Any CPU
		{9C64012C-AC99-4B1F-A438-F91ECF3E84DF}.Release|Any CPU.ActiveCfg = Release|Any CPU
		{9C64012C-AC99-4B1F-A438-F91ECF3E84DF}.Release|Any CPU.Build.0 = Release|Any CPU
		{23299DCF-CBE3-4D89-BDC4-DC42E1961F72}.Debug|Any CPU.ActiveCfg = Debug|Any CPU
		{23299DCF-CBE3-4D89-BDC4-DC42E1961F72}.Debug|Any CPU.Build.0 = Debug|Any CPU
		{23299DCF-CBE3-4D89-BDC4-DC42E1961F72}.Release|Any CPU.ActiveCfg = Release|Any CPU
		{23299DCF-CBE3-4D89-BDC4-DC42E1961F72}.Release|Any CPU.Build.0 = Release|Any CPU
		{C54329F8-C90D-408A-BDB0-A608F21189C6}.Debug|Any CPU.ActiveCfg = Debug|Any CPU
		{C54329F8-C90D-408A-BDB0-A608F21189C6}.Debug|Any CPU.Build.0 = Debug|Any CPU
		{C54329F8-C90D-408A-BDB0-A608F21189C6}.Release|Any CPU.ActiveCfg = Release|Any CPU
		{C54329F8-C90D-408A-BDB0-A608F21189C6}.Release|Any CPU.Build.0 = Release|Any CPU
		{3D3F2564-D229-4369-8DE9-65B2F0208F56}.Debug|Any CPU.ActiveCfg = Debug|Any CPU
		{3D3F2564-D229-4369-8DE9-65B2F0208F56}.Debug|Any CPU.Build.0 = Debug|Any CPU
		{3D3F2564-D229-4369-8DE9-65B2F0208F56}.Release|Any CPU.ActiveCfg = Release|Any CPU
		{3D3F2564-D229-4369-8DE9-65B2F0208F56}.Release|Any CPU.Build.0 = Release|Any CPU
		{AB531C87-44D0-4BA5-BBC8-927398A2FA2F}.Debug|Any CPU.ActiveCfg = Debug|Any CPU
		{AB531C87-44D0-4BA5-BBC8-927398A2FA2F}.Debug|Any CPU.Build.0 = Debug|Any CPU
		{AB531C87-44D0-4BA5-BBC8-927398A2FA2F}.Release|Any CPU.ActiveCfg = Release|Any CPU
		{AB531C87-44D0-4BA5-BBC8-927398A2FA2F}.Release|Any CPU.Build.0 = Release|Any CPU
		{C1F1E6AF-F849-41B0-B199-4BEC77D207A7}.Debug|Any CPU.ActiveCfg = Debug|Any CPU
		{C1F1E6AF-F849-41B0-B199-4BEC77D207A7}.Debug|Any CPU.Build.0 = Debug|Any CPU
		{C1F1E6AF-F849-41B0-B199-4BEC77D207A7}.Release|Any CPU.ActiveCfg = Release|Any CPU
		{C1F1E6AF-F849-41B0-B199-4BEC77D207A7}.Release|Any CPU.Build.0 = Release|Any CPU
	EndGlobalSection
	GlobalSection(SolutionProperties) = preSolution
		HideSolutionNode = FALSE
	EndGlobalSection
	GlobalSection(NestedProjects) = preSolution
		{9C64012C-AC99-4B1F-A438-F91ECF3E84DF} = {64E76FA8-CA30-4F0D-AF37-33B27F07FFD9}
		{23299DCF-CBE3-4D89-BDC4-DC42E1961F72} = {E0480E9A-6896-42C4-BD0A-BAEF8FBB3F83}
		{C54329F8-C90D-408A-BDB0-A608F21189C6} = {ECA7C0DC-13FD-455C-BDD2-9F949C78A445}
		{3D3F2564-D229-4369-8DE9-65B2F0208F56} = {84572257-9DFF-4C9F-AD0D-18ADA31E848C}
		{AB531C87-44D0-4BA5-BBC8-927398A2FA2F} = {230FC969-AB29-4759-8C6D-7A125679A51D}
		{C1F1E6AF-F849-41B0-B199-4BEC77D207A7} = {230FC969-AB29-4759-8C6D-7A125679A51D}
	EndGlobalSection
	GlobalSection(ExtensibilityGlobals) = postSolution
		SolutionGuid = {B7EFC972-6531-4253-BA19-76EA7DB3EA4D}
	EndGlobalSection
EndGlobal
